// !$*UTF8*$!
{
	archiveVersion = 1;
	classes = {
	};
	objectVersion = 56;
	objects = {

/* Begin PBXBuildFile section */
		00B1AC92BAF8A86ED0DE621E /* Pods_iosApp.framework in Frameworks */ = {isa = PBXBuildFile; fileRef = 7F53BA6E02E6017A2FF4A031 /* Pods_iosApp.framework */; };
		2DF8207C2E0F2CBE002DE15B /* DesignTokens+SwiftUI.swift in Sources */ = {isa = PBXBuildFile; fileRef = 2DF8207B2E0F2CBE002DE15B /* DesignTokens+SwiftUI.swift */; };
		DDA513CA2E0E8A46000D7D6F /* ResourceExtesnsion.swift in Sources */ = {isa = PBXBuildFile; fileRef = DDA513C92E0E8A3F000D7D6F /* ResourceExtesnsion.swift */; };
		DDCA8FE92E0C3F8C00438965 /* WelcomeView.swift in Sources */ = {isa = PBXBuildFile; fileRef = DDCA8FE42E0C2A3C00438965 /* WelcomeView.swift */; };
		DDCA8FEA2E0C3F8C00438965 /* RegisterView.swift in Sources */ = {isa = PBXBuildFile; fileRef = DDCA8FE22E0C29B600438965 /* RegisterView.swift */; };
		DDCA8FEB2E0C3F8C00438965 /* LoginView.swift in Sources */ = {isa = PBXBuildFile; fileRef = DDCA8FDE2E0C298300438965 /* LoginView.swift */; };
		DDCA8FEC2E0C3F8C00438965 /* AuthView.swift in Sources */ = {isa = PBXBuildFile; fileRef = DDCA8FDC2E09E81100438965 /* AuthView.swift */; };
		DDCA8FED2E0C3F8C00438965 /* RootView 2.swift in Sources */ = {isa = PBXBuildFile; fileRef = DDCA8FDA2E09E7FA00438965 /* RootView 2.swift */; };
		DDCA8FEE2E0C3F8C00438965 /* StateValue.swift in Sources */ = {isa = PBXBuildFile; fileRef = DDCA8FE62E0C31E700438965 /* StateValue.swift */; };
		DDCA8FEF2E0C3F8C00438965 /* ObservableValue.swift in Sources */ = {isa = PBXBuildFile; fileRef = DDCA8FD82E09E7DD00438965 /* ObservableValue.swift */; };
		DDCA8FF02E0C3F8C00438965 /* MutableValue.swift in Sources */ = {isa = PBXBuildFile; fileRef = DDCA8FD62E09E7C400438965 /* MutableValue.swift */; };
		DDCA8FF12E0C3F8C00438965 /* RootHolder.swift in Sources */ = {isa = PBXBuildFile; fileRef = DDCA8FD12E09E2FC00438965 /* RootHolder.swift */; };
		DDCA8FF22E0C3F8C00438965 /* iosApp.swift in Sources */ = {isa = PBXBuildFile; fileRef = A93A953A29CC810C00F8E227 /* iosApp.swift */; };
		DDCA8FF32E0C3F8C00438965 /* MatchDetailView.swift in Sources */ = {isa = PBXBuildFile; fileRef = DDCA8FF42E0C3F8C00438965 /* MatchDetailView.swift */; };
		DDCA8FF52E0C3F8C00438965 /* TeamDetailView.swift in Sources */ = {isa = PBXBuildFile; fileRef = DDCA8FF62E0C3F8C00438965 /* TeamDetailView.swift */; };
		DDCA8FF72E0C3F8C00438965 /* WorldRankingView.swift in Sources */ = {isa = PBXBuildFile; fileRef = DDCA8FF82E0C3F8C00438965 /* WorldRankingView.swift */; };
/* End PBXBuildFile section */

/* Begin PBXFileReference section */
		2DF8207B2E0F2CBE002DE15B /* DesignTokens+SwiftUI.swift */ = {isa = PBXFileReference; lastKnownFileType = sourcecode.swift; path = "DesignTokens+SwiftUI.swift"; sourceTree = "<group>"; };
		7F53BA6E02E6017A2FF4A031 /* Pods_iosApp.framework */ = {isa = PBXFileReference; explicitFileType = wrapper.framework; includeInIndex = 0; path = Pods_iosApp.framework; sourceTree = BUILT_PRODUCTS_DIR; };
		8C05FEBCE9BE8078E61D65BD /* Pods-iosApp.release.xcconfig */ = {isa = PBXFileReference; includeInIndex = 1; lastKnownFileType = text.xcconfig; name = "Pods-iosApp.release.xcconfig"; path = "Target Support Files/Pods-iosApp/Pods-iosApp.release.xcconfig"; sourceTree = "<group>"; };
		A93A953729CC810C00F8E227 /* Multiplatform App.app */ = {isa = PBXFileReference; explicitFileType = wrapper.application; includeInIndex = 0; path = "Multiplatform App.app"; sourceTree = BUILT_PRODUCTS_DIR; };
		A93A953A29CC810C00F8E227 /* iosApp.swift */ = {isa = PBXFileReference; lastKnownFileType = sourcecode.swift; path = iosApp.swift; sourceTree = "<group>"; };
		C1415ABE77776D31755129AE /* Pods-iosApp.debug.xcconfig */ = {isa = PBXFileReference; includeInIndex = 1; lastKnownFileType = text.xcconfig; name = "Pods-iosApp.debug.xcconfig"; path = "Target Support Files/Pods-iosApp/Pods-iosApp.debug.xcconfig"; sourceTree = "<group>"; };
		DDA513C92E0E8A3F000D7D6F /* ResourceExtesnsion.swift */ = {isa = PBXFileReference; lastKnownFileType = sourcecode.swift; path = ResourceExtesnsion.swift; sourceTree = "<group>"; };
		DDCA8FD12E09E2FC00438965 /* RootHolder.swift */ = {isa = PBXFileReference; lastKnownFileType = sourcecode.swift; path = RootHolder.swift; sourceTree = "<group>"; };
		DDCA8FD62E09E7C400438965 /* MutableValue.swift */ = {isa = PBXFileReference; lastKnownFileType = sourcecode.swift; path = MutableValue.swift; sourceTree = "<group>"; };
		DDCA8FD82E09E7DD00438965 /* ObservableValue.swift */ = {isa = PBXFileReference; lastKnownFileType = sourcecode.swift; path = ObservableValue.swift; sourceTree = "<group>"; };
		DDCA8FDA2E09E7FA00438965 /* RootView 2.swift */ = {isa = PBXFileReference; lastKnownFileType = sourcecode.swift; path = "RootView 2.swift"; sourceTree = "<group>"; };
		DDCA8FDC2E09E81100438965 /* AuthView.swift */ = {isa = PBXFileReference; lastKnownFileType = sourcecode.swift; path = AuthView.swift; sourceTree = "<group>"; };
		DDCA8FDE2E0C298300438965 /* LoginView.swift */ = {isa = PBXFileReference; lastKnownFileType = sourcecode.swift; path = LoginView.swift; sourceTree = "<group>"; };
		DDCA8FE22E0C29B600438965 /* RegisterView.swift */ = {isa = PBXFileReference; lastKnownFileType = sourcecode.swift; path = RegisterView.swift; sourceTree = "<group>"; };
		DDCA8FE42E0C2A3C00438965 /* WelcomeView.swift */ = {isa = PBXFileReference; lastKnownFileType = sourcecode.swift; path = WelcomeView.swift; sourceTree = "<group>"; };
		DDCA8FE62E0C31E700438965 /* StateValue.swift */ = {isa = PBXFileReference; lastKnownFileType = sourcecode.swift; path = StateValue.swift; sourceTree = "<group>"; };
		DDCA8FF42E0C3F8C00438965 /* MatchDetailView.swift */ = {isa = PBXFileReference; lastKnownFileType = sourcecode.swift; path = MatchDetailView.swift; sourceTree = "<group>"; };
		DDCA8FF62E0C3F8C00438965 /* TeamDetailView.swift */ = {isa = PBXFileReference; lastKnownFileType = sourcecode.swift; path = TeamDetailView.swift; sourceTree = "<group>"; };
		DDCA8FF82E0C3F8C00438965 /* WorldRankingView.swift */ = {isa = PBXFileReference; lastKnownFileType = sourcecode.swift; path = WorldRankingView.swift; sourceTree = "<group>"; };
/* End PBXFileReference section */

/* Begin PBXFrameworksBuildPhase section */
		A93A953429CC810C00F8E227 /* Frameworks */ = {
			isa = PBXFrameworksBuildPhase;
			buildActionMask = 2147483647;
			files = (
				00B1AC92BAF8A86ED0DE621E /* Pods_iosApp.framework in Frameworks */,
			);
			runOnlyForDeploymentPostprocessing = 0;
		};
/* End PBXFrameworksBuildPhase section */

/* Begin PBXGroup section */
		19990956002FBA2AEA888F70 /* Pods */ = {
			isa = PBXGroup;
			children = (
				C1415ABE77776D31755129AE /* Pods-iosApp.debug.xcconfig */,
				8C05FEBCE9BE8078E61D65BD /* Pods-iosApp.release.xcconfig */,
			);
			path = Pods;
			sourceTree = "<group>";
		};
		A93A952E29CC810C00F8E227 = {
			isa = PBXGroup;
			children = (
				A93A953929CC810C00F8E227 /* iosApp */,
				A93A953829CC810C00F8E227 /* Products */,
				C4127409AE3703430489E7BC /* Frameworks */,
				19990956002FBA2AEA888F70 /* Pods */,
			);
			sourceTree = "<group>";
		};
		A93A953829CC810C00F8E227 /* Products */ = {
			isa = PBXGroup;
			children = (
				A93A953729CC810C00F8E227 /* Multiplatform App.app */,
			);
			name = Products;
			sourceTree = "<group>";
		};
		A93A953929CC810C00F8E227 /* iosApp */ = {
			isa = PBXGroup;
			children = (
				DDA513C72E0E8A29000D7D6F /* ResourceHelpers */,
				DDCA8FE42E0C2A3C00438965 /* WelcomeView.swift */,
				DDCA8FE22E0C29B600438965 /* RegisterView.swift */,
				DDCA8FDE2E0C298300438965 /* LoginView.swift */,
				DDCA8FDC2E09E81100438965 /* AuthView.swift */,
				DDCA8FDA2E09E7FA00438965 /* RootView 2.swift */,
				DDCA8FF42E0C3F8C00438965 /* MatchDetailView.swift */,
				DDCA8FF62E0C3F8C00438965 /* TeamDetailView.swift */,
				DDCA8FF82E0C3F8C00438965 /* WorldRankingView.swift */,
				DDCA8FD52E09E7A600438965 /* DecomposeHelpers */,
				DDCA8FD12E09E2FC00438965 /* RootHolder.swift */,
				A93A953A29CC810C00F8E227 /* iosApp.swift */,
				2DF8207B2E0F2CBE002DE15B /* DesignTokens+SwiftUI.swift */,
			);
			path = iosApp;
			sourceTree = "<group>";
		};
		C4127409AE3703430489E7BC /* Frameworks */ = {
			isa = PBXGroup;
			children = (
				7F53BA6E02E6017A2FF4A031 /* Pods_iosApp.framework */,
			);
			name = Frameworks;
			sourceTree = "<group>";
		};
		DDA513C72E0E8A29000D7D6F /* ResourceHelpers */ = {
			isa = PBXGroup;
			children = (
				DDA513C92E0E8A3F000D7D6F /* ResourceExtesnsion.swift */,
			);
			path = ResourceHelpers;
			sourceTree = "<group>";
		};
		DDCA8FD52E09E7A600438965 /* DecomposeHelpers */ = {
			isa = PBXGroup;
			children = (
				DDCA8FE62E0C31E700438965 /* StateValue.swift */,
				DDCA8FD82E09E7DD00438965 /* ObservableValue.swift */,
				DDCA8FD62E09E7C400438965 /* MutableValue.swift */,
			);
			path = DecomposeHelpers;
			sourceTree = "<group>";
		};
/* End PBXGroup section */

/* Begin PBXNativeTarget section */
		A93A953629CC810C00F8E227 /* iosApp */ = {
			isa = PBXNativeTarget;
			buildConfigurationList = A93A954529CC810D00F8E227 /* Build configuration list for PBXNativeTarget "iosApp" */;
			buildPhases = (
				75477BBF00DE254764841273 /* [CP] Check Pods Manifest.lock */,
				A9D80A052AAB5CDE006C8738 /* Run Script */,
				A93A953329CC810C00F8E227 /* Sources */,
				A93A953429CC810C00F8E227 /* Frameworks */,
				7869F739FE72A789004289B0 /* [CP] Embed Pods Frameworks */,
			);
			buildRules = (
			);
			dependencies = (
			);
			name = iosApp;
			productName = iosApp;
			productReference = A93A953729CC810C00F8E227 /* Multiplatform App.app */;
			productType = "com.apple.product-type.application";
		};
/* End PBXNativeTarget section */

/* Begin PBXProject section */
		A93A952F29CC810C00F8E227 /* Project object */ = {
			isa = PBXProject;
			attributes = {
				LastSwiftUpdateCheck = 1420;
				LastUpgradeCheck = 1420;
				TargetAttributes = {
					A93A953629CC810C00F8E227 = {
						CreatedOnToolsVersion = 14.2;
					};
				};
			};
			buildConfigurationList = A93A953229CC810C00F8E227 /* Build configuration list for PBXProject "iosApp" */;
			compatibilityVersion = "Xcode 14.0";
			developmentRegion = en;
			hasScannedForEncodings = 0;
			knownRegions = (
				en,
				Base,
			);
			mainGroup = A93A952E29CC810C00F8E227;
			productRefGroup = A93A953829CC810C00F8E227 /* Products */;
			projectDirPath = "";
			projectRoot = "";
			targets = (
				A93A953629CC810C00F8E227 /* iosApp */,
			);
		};
/* End PBXProject section */

/* Begin PBXShellScriptBuildPhase section */
		75477BBF00DE254764841273 /* [CP] Check Pods Manifest.lock */ = {
			isa = PBXShellScriptBuildPhase;
			buildActionMask = 2147483647;
			files = (
			);
			inputFileListPaths = (
			);
			inputPaths = (
				"${PODS_PODFILE_DIR_PATH}/Podfile.lock",
				"${PODS_ROOT}/Manifest.lock",
			);
			name = "[CP] Check Pods Manifest.lock";
			outputFileListPaths = (
			);
			outputPaths = (
				"$(DERIVED_FILE_DIR)/Pods-iosApp-checkManifestLockResult.txt",
			);
			runOnlyForDeploymentPostprocessing = 0;
			shellPath = /bin/sh;
			shellScript = "diff \"${PODS_PODFILE_DIR_PATH}/Podfile.lock\" \"${PODS_ROOT}/Manifest.lock\" > /dev/null\nif [ $? != 0 ] ; then\n    # print error to STDERR\n    echo \"error: The sandbox is not in sync with the Podfile.lock. Run 'pod install' or update your CocoaPods installation.\" >&2\n    exit 1\nfi\n# This output is used by Xcode 'outputs' to avoid re-running this script phase.\necho \"SUCCESS\" > \"${SCRIPT_OUTPUT_FILE_0}\"\n";
			showEnvVarsInLog = 0;
		};
		7869F739FE72A789004289B0 /* [CP] Embed Pods Frameworks */ = {
			isa = PBXShellScriptBuildPhase;
			buildActionMask = 2147483647;
			files = (
			);
			inputFileListPaths = (
				"${PODS_ROOT}/Target Support Files/Pods-iosApp/Pods-iosApp-frameworks-${CONFIGURATION}-input-files.xcfilelist",
			);
			name = "[CP] Embed Pods Frameworks";
			outputFileListPaths = (
				"${PODS_ROOT}/Target Support Files/Pods-iosApp/Pods-iosApp-frameworks-${CONFIGURATION}-output-files.xcfilelist",
			);
			runOnlyForDeploymentPostprocessing = 0;
			shellPath = /bin/sh;
			shellScript = "\"${PODS_ROOT}/Target Support Files/Pods-iosApp/Pods-iosApp-frameworks.sh\"\n";
			showEnvVarsInLog = 0;
		};
		A9D80A052AAB5CDE006C8738 /* Run Script */ = {
			isa = PBXShellScriptBuildPhase;
			buildActionMask = 2147483647;
			files = (
			);
			inputFileListPaths = (
			);
			inputPaths = (
			);
			name = "Run Script";
			outputFileListPaths = (
			);
			outputPaths = (
			);
			runOnlyForDeploymentPostprocessing = 0;
			shellPath = /bin/sh;
			shellScript = "cd \"$SRCROOT/..\"\n./gradlew :composeApp:embedAndSignAppleFrameworkForXcode\n";
		};
/* End PBXShellScriptBuildPhase section */

/* Begin PBXSourcesBuildPhase section */
		A93A953329CC810C00F8E227 /* Sources */ = {
			isa = PBXSourcesBuildPhase;
			buildActionMask = 2147483647;
			files = (
				DDCA8FE92E0C3F8C00438965 /* WelcomeView.swift in Sources */,
				2DF8207C2E0F2CBE002DE15B /* DesignTokens+SwiftUI.swift in Sources */,
				DDCA8FEA2E0C3F8C00438965 /* RegisterView.swift in Sources */,
				DDCA8FEB2E0C3F8C00438965 /* LoginView.swift in Sources */,
				DDCA8FEC2E0C3F8C00438965 /* AuthView.swift in Sources */,
				DDCA8FED2E0C3F8C00438965 /* RootView 2.swift in Sources */,
				DDCA8FEE2E0C3F8C00438965 /* StateValue.swift in Sources */,
				DDCA8FEF2E0C3F8C00438965 /* ObservableValue.swift in Sources */,
				DDCA8FF02E0C3F8C00438965 /* MutableValue.swift in Sources */,
				DDCA8FF12E0C3F8C00438965 /* RootHolder.swift in Sources */,
				DDCA8FF22E0C3F8C00438965 /* iosApp.swift in Sources */,
				DDCA8FF32E0C3F8C00438965 /* MatchDetailView.swift in Sources */,
				DDCA8FF52E0C3F8C00438965 /* TeamDetailView.swift in Sources */,
				DDCA8FF72E0C3F8C00438965 /* WorldRankingView.swift in Sources */,
				DDA513CA2E0E8A46000D7D6F /* ResourceExtesnsion.swift in Sources */,
			);
			runOnlyForDeploymentPostprocessing = 0;
		};
/* End PBXSourcesBuildPhase section */

/* Begin XCBuildConfiguration section */
		A93A954329CC810D00F8E227 /* Debug */ = {
			isa = XCBuildConfiguration;
			buildSettings = {
				ALWAYS_SEARCH_USER_PATHS = NO;
				CLANG_ANALYZER_NONNULL = YES;
				CLANG_ANALYZER_NUMBER_OBJECT_CONVERSION = YES_AGGRESSIVE;
				CLANG_CXX_LANGUAGE_STANDARD = "gnu++20";
				CLANG_ENABLE_MODULES = YES;
				CLANG_ENABLE_OBJC_ARC = YES;
				CLANG_ENABLE_OBJC_WEAK = YES;
				CLANG_WARN_BLOCK_CAPTURE_AUTORELEASING = YES;
				CLANG_WARN_BOOL_CONVERSION = YES;
				CLANG_WARN_COMMA = YES;
				CLANG_WARN_CONSTANT_CONVERSION = YES;
				CLANG_WARN_DEPRECATED_OBJC_IMPLEMENTATIONS = YES;
				CLANG_WARN_DIRECT_OBJC_ISA_USAGE = YES_ERROR;
				CLANG_WARN_DOCUMENTATION_COMMENTS = YES;
				CLANG_WARN_EMPTY_BODY = YES;
				CLANG_WARN_ENUM_CONVERSION = YES;
				CLANG_WARN_INFINITE_RECURSION = YES;
				CLANG_WARN_INT_CONVERSION = YES;
				CLANG_WARN_NON_LITERAL_NULL_CONVERSION = YES;
				CLANG_WARN_OBJC_IMPLICIT_RETAIN_SELF = YES;
				CLANG_WARN_OBJC_LITERAL_CONVERSION = YES;
				CLANG_WARN_OBJC_ROOT_CLASS = YES_ERROR;
				CLANG_WARN_QUOTED_INCLUDE_IN_FRAMEWORK_HEADER = YES;
				CLANG_WARN_RANGE_LOOP_ANALYSIS = YES;
				CLANG_WARN_STRICT_PROTOTYPES = YES;
				CLANG_WARN_SUSPICIOUS_MOVE = YES;
				CLANG_WARN_UNGUARDED_AVAILABILITY = YES_AGGRESSIVE;
				CLANG_WARN_UNREACHABLE_CODE = YES;
				CLANG_WARN__DUPLICATE_METHOD_MATCH = YES;
				COPY_PHASE_STRIP = NO;
				DEBUG_INFORMATION_FORMAT = dwarf;
				ENABLE_STRICT_OBJC_MSGSEND = YES;
				ENABLE_TESTABILITY = YES;
				GCC_C_LANGUAGE_STANDARD = gnu11;
				GCC_DYNAMIC_NO_PIC = NO;
				GCC_NO_COMMON_BLOCKS = YES;
				GCC_OPTIMIZATION_LEVEL = 0;
				GCC_PREPROCESSOR_DEFINITIONS = (
					"DEBUG=1",
					"$(inherited)",
				);
				GCC_WARN_64_TO_32_BIT_CONVERSION = YES;
				GCC_WARN_ABOUT_RETURN_TYPE = YES_ERROR;
				GCC_WARN_UNDECLARED_SELECTOR = YES;
				GCC_WARN_UNINITIALIZED_AUTOS = YES_AGGRESSIVE;
				GCC_WARN_UNUSED_FUNCTION = YES;
				GCC_WARN_UNUSED_VARIABLE = YES;
				IPHONEOS_DEPLOYMENT_TARGET = 16.2;
				MTL_ENABLE_DEBUG_INFO = INCLUDE_SOURCE;
				MTL_FAST_MATH = YES;
				ONLY_ACTIVE_ARCH = YES;
				OTHER_LDFLAGS = "-lsqlite3";
				SDKROOT = iphoneos;
				SWIFT_ACTIVE_COMPILATION_CONDITIONS = DEBUG;
				SWIFT_OPTIMIZATION_LEVEL = "-Onone";
			};
			name = Debug;
		};
		A93A954429CC810D00F8E227 /* Release */ = {
			isa = XCBuildConfiguration;
			buildSettings = {
				ALWAYS_SEARCH_USER_PATHS = NO;
				CLANG_ANALYZER_NONNULL = YES;
				CLANG_ANALYZER_NUMBER_OBJECT_CONVERSION = YES_AGGRESSIVE;
				CLANG_CXX_LANGUAGE_STANDARD = "gnu++20";
				CLANG_ENABLE_MODULES = YES;
				CLANG_ENABLE_OBJC_ARC = YES;
				CLANG_ENABLE_OBJC_WEAK = YES;
				CLANG_WARN_BLOCK_CAPTURE_AUTORELEASING = YES;
				CLANG_WARN_BOOL_CONVERSION = YES;
				CLANG_WARN_COMMA = YES;
				CLANG_WARN_CONSTANT_CONVERSION = YES;
				CLANG_WARN_DEPRECATED_OBJC_IMPLEMENTATIONS = YES;
				CLANG_WARN_DIRECT_OBJC_ISA_USAGE = YES_ERROR;
				CLANG_WARN_DOCUMENTATION_COMMENTS = YES;
				CLANG_WARN_EMPTY_BODY = YES;
				CLANG_WARN_ENUM_CONVERSION = YES;
				CLANG_WARN_INFINITE_RECURSION = YES;
				CLANG_WARN_INT_CONVERSION = YES;
				CLANG_WARN_NON_LITERAL_NULL_CONVERSION = YES;
				CLANG_WARN_OBJC_IMPLICIT_RETAIN_SELF = YES;
				CLANG_WARN_OBJC_LITERAL_CONVERSION = YES;
				CLANG_WARN_OBJC_ROOT_CLASS = YES_ERROR;
				CLANG_WARN_QUOTED_INCLUDE_IN_FRAMEWORK_HEADER = YES;
				CLANG_WARN_RANGE_LOOP_ANALYSIS = YES;
				CLANG_WARN_STRICT_PROTOTYPES = YES;
				CLANG_WARN_SUSPICIOUS_MOVE = YES;
				CLANG_WARN_UNGUARDED_AVAILABILITY = YES_AGGRESSIVE;
				CLANG_WARN_UNREACHABLE_CODE = YES;
				CLANG_WARN__DUPLICATE_METHOD_MATCH = YES;
				COPY_PHASE_STRIP = NO;
				DEBUG_INFORMATION_FORMAT = "dwarf-with-dsym";
				ENABLE_NS_ASSERTIONS = NO;
				ENABLE_STRICT_OBJC_MSGSEND = YES;
				GCC_C_LANGUAGE_STANDARD = gnu11;
				GCC_NO_COMMON_BLOCKS = YES;
				GCC_WARN_64_TO_32_BIT_CONVERSION = YES;
				GCC_WARN_ABOUT_RETURN_TYPE = YES_ERROR;
				GCC_WARN_UNDECLARED_SELECTOR = YES;
				GCC_WARN_UNINITIALIZED_AUTOS = YES_AGGRESSIVE;
				GCC_WARN_UNUSED_FUNCTION = YES;
				GCC_WARN_UNUSED_VARIABLE = YES;
				IPHONEOS_DEPLOYMENT_TARGET = 16.2;
				MTL_ENABLE_DEBUG_INFO = NO;
				MTL_FAST_MATH = YES;
				OTHER_LDFLAGS = "-lsqlite3";
				SDKROOT = iphoneos;
				SWIFT_COMPILATION_MODE = wholemodule;
				SWIFT_OPTIMIZATION_LEVEL = "-O";
				VALIDATE_PRODUCT = YES;
			};
			name = Release;
		};
		A93A954629CC810D00F8E227 /* Debug */ = {
			isa = XCBuildConfiguration;
			baseConfigurationReference = C1415ABE77776D31755129AE /* Pods-iosApp.debug.xcconfig */;
			buildSettings = {
				CODE_SIGNING_ALLOWED = NO;
				CODE_SIGN_IDENTITY = "";
				CODE_SIGN_STYLE = Automatic;
				CURRENT_PROJECT_VERSION = 1;
				ENABLE_PREVIEWS = YES;
				GENERATE_INFOPLIST_FILE = YES;
				INFOPLIST_FILE = iosApp/Info.plist;
				INFOPLIST_KEY_UILaunchScreen_Generation = YES;
				LD_RUNPATH_SEARCH_PATHS = (
					"$(inherited)",
					"@executable_path/Frameworks",
				);
				MARKETING_VERSION = 1.0;
				OTHER_LDFLAGS = (
					"-lsqlite3",
					"$(inherited)",
				);
				PRODUCT_BUNDLE_IDENTIFIER = sample.app.iosApp;
				PRODUCT_NAME = "Multiplatform App";
				SWIFT_EMIT_LOC_STRINGS = YES;
				SWIFT_VERSION = 5.0;
				TARGETED_DEVICE_FAMILY = "1,2";
			};
			name = Debug;
		};
		A93A954729CC810D00F8E227 /* Release */ = {
			isa = XCBuildConfiguration;
			baseConfigurationReference = 8C05FEBCE9BE8078E61D65BD /* Pods-iosApp.release.xcconfig */;
			buildSettings = {
				CODE_SIGNING_ALLOWED = NO;
				CODE_SIGN_IDENTITY = "";
				CODE_SIGN_STYLE = Automatic;
				CURRENT_PROJECT_VERSION = 1;
				ENABLE_PREVIEWS = YES;
				GENERATE_INFOPLIST_FILE = YES;
				INFOPLIST_FILE = iosApp/Info.plist;
				INFOPLIST_KEY_UILaunchScreen_Generation = YES;
				LD_RUNPATH_SEARCH_PATHS = (
					"$(inherited)",
					"@executable_path/Frameworks",
				);
				MARKETING_VERSION = 1.0;
				OTHER_LDFLAGS = (
					"-lsqlite3",
					"$(inherited)",
				);
				PRODUCT_BUNDLE_IDENTIFIER = sample.app.iosApp;
				PRODUCT_NAME = "Multiplatform App";
				SWIFT_EMIT_LOC_STRINGS = YES;
				SWIFT_VERSION = 5.0;
				TARGETED_DEVICE_FAMILY = "1,2";
			};
			name = Release;
		};
/* End XCBuildConfiguration section */

/* Begin XCConfigurationList section */
		A93A953229CC810C00F8E227 /* Build configuration list for PBXProject "iosApp" */ = {
			isa = XCConfigurationList;
			buildConfigurations = (
				A93A954329CC810D00F8E227 /* Debug */,
				A93A954429CC810D00F8E227 /* Release */,
			);
			defaultConfigurationIsVisible = 0;
			defaultConfigurationName = Release;
		};
		A93A954529CC810D00F8E227 /* Build configuration list for PBXNativeTarget "iosApp" */ = {
			isa = XCConfigurationList;
			buildConfigurations = (
				A93A954629CC810D00F8E227 /* Debug */,
				A93A954729CC810D00F8E227 /* Release */,
			);
			defaultConfigurationIsVisible = 0;
			defaultConfigurationName = Release;
		};
/* End XCConfigurationList section */
	};
	rootObject = A93A952F29CC810C00F8E227 /* Project object */;
}
